
Microsoft Visual Studio Solution File, Format Version 12.00
# Visual Studio 15
VisualStudioVersion = 15.0.26124.0
MinimumVisualStudioVersion = 15.0.26124.0
Project("{FAE04EC0-301F-11D3-BF4B-00C04F79EFBC}") = "NullHandling", "NullHandling\NullHandling.csproj", "{002712AB-0715-4B30-8C77-D3C33FE82FEE}"
EndProject
Project("{FAE04EC0-301F-11D3-BF4B-00C04F79EFBC}") = "ExploringConsole", "ExploringConsole\ExploringConsole.csproj", "{66484CCF-F6C5-4AC3-805C-7DB2D6D8510B}"
EndProject
Project("{FAE04EC0-301F-11D3-BF4B-00C04F79EFBC}") = "UnderstandingFormatStrings", "UnderstandingFormatStrings\UnderstandingFormatStrings.csproj", "{1D84A7EB-E8E8-40C6-8BFD-50F74D074157}"
EndProject
Project("{FAE04EC0-301F-11D3-BF4B-00C04F79EFBC}") = "GettingTextInput", "GettingTextInput\GettingTextInput.csproj", "{B89496EA-1F53-4B43-9D99-B97B90C3F923}"
EndProject
Project("{FAE04EC0-301F-11D3-BF4B-00C04F79EFBC}") = "GettingArguments", "GettingArguments\GettingArguments.csproj", "{8B292B70-8F26-4B5D-9D5C-62CA640E8801}"
EndProject
Project("{FAE04EC0-301F-11D3-BF4B-00C04F79EFBC}") = "NumberSizesAndRanges", "NumberSizesAndRanges\NumberSizesAndRanges.csproj", "{FA70E505-33B6-44C4-B231-6BEE26F74DEA}"
EndProject
Project("{FAE04EC0-301F-11D3-BF4B-00C04F79EFBC}") = "LoopingWithForeach", "LoopingWithForeach\LoopingWithForeach.csproj", "{B47A471A-AC47-45CA-BDE5-1D07D6DACAA4}"
EndProject
Project("{FAE04EC0-301F-11D3-BF4B-00C04F79EFBC}") = "CastingNumbers", "CastingNumbers\CastingNumbers.csproj", "{B5FA5772-5409-41EC-A07F-F94F9A07CCE7}"
EndProject
Project("{FAE04EC0-301F-11D3-BF4B-00C04F79EFBC}") = "ConvertingToString", "ConvertingToString\ConvertingToString.csproj", "{1A7BC43A-3920-4931-BE58-41E4FF86D793}"
EndProject
Project("{FAE04EC0-301F-11D3-BF4B-00C04F79EFBC}") = "ParsingStrings", "ParsingStrings\ParsingStrings.csproj", "{4C25B648-51EE-4DD7-B4C1-1B19BA42C49B}"
EndProject
Project("{FAE04EC0-301F-11D3-BF4B-00C04F79EFBC}") = "HandlingExceptions", "HandlingExceptions\HandlingExceptions.csproj", "{A6D551F7-4895-413A-87A6-11C9251C319C}"
EndProject
Project("{FAE04EC0-301F-11D3-BF4B-00C04F79EFBC}") = "FizzBuzz", "FizzBuzz\FizzBuzz.csproj", "{EB5DF9A4-37BF-450B-B119-1A706AE55324}"
EndProject
Project("{FAE04EC0-301F-11D3-BF4B-00C04F79EFBC}") = "PracticeExceptionHandling", "PracticeExceptionHandling\PracticeExceptionHandling.csproj", "{BDD53981-28F6-414E-A090-EB0620B4855F}"
EndProject
Global
	GlobalSection(SolutionConfigurationPlatforms) = preSolution
		Debug|Any CPU = Debug|Any CPU
		Debug|x64 = Debug|x64
		Debug|x86 = Debug|x86
		Release|Any CPU = Release|Any CPU
		Release|x64 = Release|x64
		Release|x86 = Release|x86
	EndGlobalSection
	GlobalSection(SolutionProperties) = preSolution
		HideSolutionNode = FALSE
	EndGlobalSection
	GlobalSection(ProjectConfigurationPlatforms) = postSolution
		{002712AB-0715-4B30-8C77-D3C33FE82FEE}.Debug|Any CPU.ActiveCfg = Debug|Any CPU
		{002712AB-0715-4B30-8C77-D3C33FE82FEE}.Debug|Any CPU.Build.0 = Debug|Any CPU
		{002712AB-0715-4B30-8C77-D3C33FE82FEE}.Debug|x64.ActiveCfg = Debug|Any CPU
		{002712AB-0715-4B30-8C77-D3C33FE82FEE}.Debug|x64.Build.0 = Debug|Any CPU
		{002712AB-0715-4B30-8C77-D3C33FE82FEE}.Debug|x86.ActiveCfg = Debug|Any CPU
		{002712AB-0715-4B30-8C77-D3C33FE82FEE}.Debug|x86.Build.0 = Debug|Any CPU
		{002712AB-0715-4B30-8C77-D3C33FE82FEE}.Release|Any CPU.ActiveCfg = Release|Any CPU
		{002712AB-0715-4B30-8C77-D3C33FE82FEE}.Release|Any CPU.Build.0 = Release|Any CPU
		{002712AB-0715-4B30-8C77-D3C33FE82FEE}.Release|x64.ActiveCfg = Release|Any CPU
		{002712AB-0715-4B30-8C77-D3C33FE82FEE}.Release|x64.Build.0 = Release|Any CPU
		{002712AB-0715-4B30-8C77-D3C33FE82FEE}.Release|x86.ActiveCfg = Release|Any CPU
		{002712AB-0715-4B30-8C77-D3C33FE82FEE}.Release|x86.Build.0 = Release|Any CPU
		{66484CCF-F6C5-4AC3-805C-7DB2D6D8510B}.Debug|Any CPU.ActiveCfg = Debug|Any CPU
		{66484CCF-F6C5-4AC3-805C-7DB2D6D8510B}.Debug|Any CPU.Build.0 = Debug|Any CPU
		{66484CCF-F6C5-4AC3-805C-7DB2D6D8510B}.Debug|x64.ActiveCfg = Debug|Any CPU
		{66484CCF-F6C5-4AC3-805C-7DB2D6D8510B}.Debug|x64.Build.0 = Debug|Any CPU
		{66484CCF-F6C5-4AC3-805C-7DB2D6D8510B}.Debug|x86.ActiveCfg = Debug|Any CPU
		{66484CCF-F6C5-4AC3-805C-7DB2D6D8510B}.Debug|x86.Build.0 = Debug|Any CPU
		{66484CCF-F6C5-4AC3-805C-7DB2D6D8510B}.Release|Any CPU.ActiveCfg = Release|Any CPU
		{66484CCF-F6C5-4AC3-805C-7DB2D6D8510B}.Release|Any CPU.Build.0 = Release|Any CPU
		{66484CCF-F6C5-4AC3-805C-7DB2D6D8510B}.Release|x64.ActiveCfg = Release|Any CPU
		{66484CCF-F6C5-4AC3-805C-7DB2D6D8510B}.Release|x64.Build.0 = Release|Any CPU
		{66484CCF-F6C5-4AC3-805C-7DB2D6D8510B}.Release|x86.ActiveCfg = Release|Any CPU
		{66484CCF-F6C5-4AC3-805C-7DB2D6D8510B}.Release|x86.Build.0 = Release|Any CPU
		{1D84A7EB-E8E8-40C6-8BFD-50F74D074157}.Debug|Any CPU.ActiveCfg = Debug|Any CPU
		{1D84A7EB-E8E8-40C6-8BFD-50F74D074157}.Debug|Any CPU.Build.0 = Debug|Any CPU
		{1D84A7EB-E8E8-40C6-8BFD-50F74D074157}.Debug|x64.ActiveCfg = Debug|Any CPU
		{1D84A7EB-E8E8-40C6-8BFD-50F74D074157}.Debug|x64.Build.0 = Debug|Any CPU
		{1D84A7EB-E8E8-40C6-8BFD-50F74D074157}.Debug|x86.ActiveCfg = Debug|Any CPU
		{1D84A7EB-E8E8-40C6-8BFD-50F74D074157}.Debug|x86.Build.0 = Debug|Any CPU
		{1D84A7EB-E8E8-40C6-8BFD-50F74D074157}.Release|Any CPU.ActiveCfg = Release|Any CPU
		{1D84A7EB-E8E8-40C6-8BFD-50F74D074157}.Release|Any CPU.Build.0 = Release|Any CPU
		{1D84A7EB-E8E8-40C6-8BFD-50F74D074157}.Release|x64.ActiveCfg = Release|Any CPU
		{1D84A7EB-E8E8-40C6-8BFD-50F74D074157}.Release|x64.Build.0 = Release|Any CPU
		{1D84A7EB-E8E8-40C6-8BFD-50F74D074157}.Release|x86.ActiveCfg = Release|Any CPU
		{1D84A7EB-E8E8-40C6-8BFD-50F74D074157}.Release|x86.Build.0 = Release|Any CPU
		{B89496EA-1F53-4B43-9D99-B97B90C3F923}.Debug|Any CPU.ActiveCfg = Debug|Any CPU
		{B89496EA-1F53-4B43-9D99-B97B90C3F923}.Debug|Any CPU.Build.0 = Debug|Any CPU
		{B89496EA-1F53-4B43-9D99-B97B90C3F923}.Debug|x64.ActiveCfg = Debug|Any CPU
		{B89496EA-1F53-4B43-9D99-B97B90C3F923}.Debug|x64.Build.0 = Debug|Any CPU
		{B89496EA-1F53-4B43-9D99-B97B90C3F923}.Debug|x86.ActiveCfg = Debug|Any CPU
		{B89496EA-1F53-4B43-9D99-B97B90C3F923}.Debug|x86.Build.0 = Debug|Any CPU
		{B89496EA-1F53-4B43-9D99-B97B90C3F923}.Release|Any CPU.ActiveCfg = Release|Any CPU
		{B89496EA-1F53-4B43-9D99-B97B90C3F923}.Release|Any CPU.Build.0 = Release|Any CPU
		{B89496EA-1F53-4B43-9D99-B97B90C3F923}.Release|x64.ActiveCfg = Release|Any CPU
		{B89496EA-1F53-4B43-9D99-B97B90C3F923}.Release|x64.Build.0 = Release|Any CPU
		{B89496EA-1F53-4B43-9D99-B97B90C3F923}.Release|x86.ActiveCfg = Release|Any CPU
		{B89496EA-1F53-4B43-9D99-B97B90C3F923}.Release|x86.Build.0 = Release|Any CPU
		{8B292B70-8F26-4B5D-9D5C-62CA640E8801}.Debug|Any CPU.ActiveCfg = Debug|Any CPU
		{8B292B70-8F26-4B5D-9D5C-62CA640E8801}.Debug|Any CPU.Build.0 = Debug|Any CPU
		{8B292B70-8F26-4B5D-9D5C-62CA640E8801}.Debug|x64.ActiveCfg = Debug|Any CPU
		{8B292B70-8F26-4B5D-9D5C-62CA640E8801}.Debug|x64.Build.0 = Debug|Any CPU
		{8B292B70-8F26-4B5D-9D5C-62CA640E8801}.Debug|x86.ActiveCfg = Debug|Any CPU
		{8B292B70-8F26-4B5D-9D5C-62CA640E8801}.Debug|x86.Build.0 = Debug|Any CPU
		{8B292B70-8F26-4B5D-9D5C-62CA640E8801}.Release|Any CPU.ActiveCfg = Release|Any CPU
		{8B292B70-8F26-4B5D-9D5C-62CA640E8801}.Release|Any CPU.Build.0 = Release|Any CPU
		{8B292B70-8F26-4B5D-9D5C-62CA640E8801}.Release|x64.ActiveCfg = Release|Any CPU
		{8B292B70-8F26-4B5D-9D5C-62CA640E8801}.Release|x64.Build.0 = Release|Any CPU
		{8B292B70-8F26-4B5D-9D5C-62CA640E8801}.Release|x86.ActiveCfg = Release|Any CPU
		{8B292B70-8F26-4B5D-9D5C-62CA640E8801}.Release|x86.Build.0 = Release|Any CPU
		{FA70E505-33B6-44C4-B231-6BEE26F74DEA}.Debug|Any CPU.ActiveCfg = Debug|Any CPU
		{FA70E505-33B6-44C4-B231-6BEE26F74DEA}.Debug|Any CPU.Build.0 = Debug|Any CPU
		{FA70E505-33B6-44C4-B231-6BEE26F74DEA}.Debug|x64.ActiveCfg = Debug|Any CPU
		{FA70E505-33B6-44C4-B231-6BEE26F74DEA}.Debug|x64.Build.0 = Debug|Any CPU
		{FA70E505-33B6-44C4-B231-6BEE26F74DEA}.Debug|x86.ActiveCfg = Debug|Any CPU
		{FA70E505-33B6-44C4-B231-6BEE26F74DEA}.Debug|x86.Build.0 = Debug|Any CPU
		{FA70E505-33B6-44C4-B231-6BEE26F74DEA}.Release|Any CPU.ActiveCfg = Release|Any CPU
		{FA70E505-33B6-44C4-B231-6BEE26F74DEA}.Release|Any CPU.Build.0 = Release|Any CPU
		{FA70E505-33B6-44C4-B231-6BEE26F74DEA}.Release|x64.ActiveCfg = Release|Any CPU
		{FA70E505-33B6-44C4-B231-6BEE26F74DEA}.Release|x64.Build.0 = Release|Any CPU
		{FA70E505-33B6-44C4-B231-6BEE26F74DEA}.Release|x86.ActiveCfg = Release|Any CPU
		{FA70E505-33B6-44C4-B231-6BEE26F74DEA}.Release|x86.Build.0 = Release|Any CPU
		{B47A471A-AC47-45CA-BDE5-1D07D6DACAA4}.Debug|Any CPU.ActiveCfg = Debug|Any CPU
		{B47A471A-AC47-45CA-BDE5-1D07D6DACAA4}.Debug|Any CPU.Build.0 = Debug|Any CPU
		{B47A471A-AC47-45CA-BDE5-1D07D6DACAA4}.Debug|x64.ActiveCfg = Debug|Any CPU
		{B47A471A-AC47-45CA-BDE5-1D07D6DACAA4}.Debug|x64.Build.0 = Debug|Any CPU
		{B47A471A-AC47-45CA-BDE5-1D07D6DACAA4}.Debug|x86.ActiveCfg = Debug|Any CPU
		{B47A471A-AC47-45CA-BDE5-1D07D6DACAA4}.Debug|x86.Build.0 = Debug|Any CPU
		{B47A471A-AC47-45CA-BDE5-1D07D6DACAA4}.Release|Any CPU.ActiveCfg = Release|Any CPU
		{B47A471A-AC47-45CA-BDE5-1D07D6DACAA4}.Release|Any CPU.Build.0 = Release|Any CPU
		{B47A471A-AC47-45CA-BDE5-1D07D6DACAA4}.Release|x64.ActiveCfg = Release|Any CPU
		{B47A471A-AC47-45CA-BDE5-1D07D6DACAA4}.Release|x64.Build.0 = Release|Any CPU
		{B47A471A-AC47-45CA-BDE5-1D07D6DACAA4}.Release|x86.ActiveCfg = Release|Any CPU
		{B47A471A-AC47-45CA-BDE5-1D07D6DACAA4}.Release|x86.Build.0 = Release|Any CPU
		{B5FA5772-5409-41EC-A07F-F94F9A07CCE7}.Debug|Any CPU.ActiveCfg = Debug|Any CPU
		{B5FA5772-5409-41EC-A07F-F94F9A07CCE7}.Debug|Any CPU.Build.0 = Debug|Any CPU
		{B5FA5772-5409-41EC-A07F-F94F9A07CCE7}.Debug|x64.ActiveCfg = Debug|Any CPU
		{B5FA5772-5409-41EC-A07F-F94F9A07CCE7}.Debug|x64.Build.0 = Debug|Any CPU
		{B5FA5772-5409-41EC-A07F-F94F9A07CCE7}.Debug|x86.ActiveCfg = Debug|Any CPU
		{B5FA5772-5409-41EC-A07F-F94F9A07CCE7}.Debug|x86.Build.0 = Debug|Any CPU
		{B5FA5772-5409-41EC-A07F-F94F9A07CCE7}.Release|Any CPU.ActiveCfg = Release|Any CPU
		{B5FA5772-5409-41EC-A07F-F94F9A07CCE7}.Release|Any CPU.Build.0 = Release|Any CPU
		{B5FA5772-5409-41EC-A07F-F94F9A07CCE7}.Release|x64.ActiveCfg = Release|Any CPU
		{B5FA5772-5409-41EC-A07F-F94F9A07CCE7}.Release|x64.Build.0 = Release|Any CPU
		{B5FA5772-5409-41EC-A07F-F94F9A07CCE7}.Release|x86.ActiveCfg = Release|Any CPU
		{B5FA5772-5409-41EC-A07F-F94F9A07CCE7}.Release|x86.Build.0 = Release|Any CPU
		{1A7BC43A-3920-4931-BE58-41E4FF86D793}.Debug|Any CPU.ActiveCfg = Debug|Any CPU
		{1A7BC43A-3920-4931-BE58-41E4FF86D793}.Debug|Any CPU.Build.0 = Debug|Any CPU
		{1A7BC43A-3920-4931-BE58-41E4FF86D793}.Debug|x64.ActiveCfg = Debug|Any CPU
		{1A7BC43A-3920-4931-BE58-41E4FF86D793}.Debug|x64.Build.0 = Debug|Any CPU
		{1A7BC43A-3920-4931-BE58-41E4FF86D793}.Debug|x86.ActiveCfg = Debug|Any CPU
		{1A7BC43A-3920-4931-BE58-41E4FF86D793}.Debug|x86.Build.0 = Debug|Any CPU
		{1A7BC43A-3920-4931-BE58-41E4FF86D793}.Release|Any CPU.ActiveCfg = Release|Any CPU
		{1A7BC43A-3920-4931-BE58-41E4FF86D793}.Release|Any CPU.Build.0 = Release|Any CPU
		{1A7BC43A-3920-4931-BE58-41E4FF86D793}.Release|x64.ActiveCfg = Release|Any CPU
		{1A7BC43A-3920-4931-BE58-41E4FF86D793}.Release|x64.Build.0 = Release|Any CPU
		{1A7BC43A-3920-4931-BE58-41E4FF86D793}.Release|x86.ActiveCfg = Release|Any CPU
		{1A7BC43A-3920-4931-BE58-41E4FF86D793}.Release|x86.Build.0 = Release|Any CPU
		{4C25B648-51EE-4DD7-B4C1-1B19BA42C49B}.Debug|Any CPU.ActiveCfg = Debug|Any CPU
		{4C25B648-51EE-4DD7-B4C1-1B19BA42C49B}.Debug|Any CPU.Build.0 = Debug|Any CPU
		{4C25B648-51EE-4DD7-B4C1-1B19BA42C49B}.Debug|x64.ActiveCfg = Debug|Any CPU
		{4C25B648-51EE-4DD7-B4C1-1B19BA42C49B}.Debug|x64.Build.0 = Debug|Any CPU
		{4C25B648-51EE-4DD7-B4C1-1B19BA42C49B}.Debug|x86.ActiveCfg = Debug|Any CPU
		{4C25B648-51EE-4DD7-B4C1-1B19BA42C49B}.Debug|x86.Build.0 = Debug|Any CPU
		{4C25B648-51EE-4DD7-B4C1-1B19BA42C49B}.Release|Any CPU.ActiveCfg = Release|Any CPU
		{4C25B648-51EE-4DD7-B4C1-1B19BA42C49B}.Release|Any CPU.Build.0 = Release|Any CPU
		{4C25B648-51EE-4DD7-B4C1-1B19BA42C49B}.Release|x64.ActiveCfg = Release|Any CPU
		{4C25B648-51EE-4DD7-B4C1-1B19BA42C49B}.Release|x64.Build.0 = Release|Any CPU
		{4C25B648-51EE-4DD7-B4C1-1B19BA42C49B}.Release|x86.ActiveCfg = Release|Any CPU
		{4C25B648-51EE-4DD7-B4C1-1B19BA42C49B}.Release|x86.Build.0 = Release|Any CPU
		{A6D551F7-4895-413A-87A6-11C9251C319C}.Debug|Any CPU.ActiveCfg = Debug|Any CPU
		{A6D551F7-4895-413A-87A6-11C9251C319C}.Debug|Any CPU.Build.0 = Debug|Any CPU
		{A6D551F7-4895-413A-87A6-11C9251C319C}.Debug|x64.ActiveCfg = Debug|Any CPU
		{A6D551F7-4895-413A-87A6-11C9251C319C}.Debug|x64.Build.0 = Debug|Any CPU
		{A6D551F7-4895-413A-87A6-11C9251C319C}.Debug|x86.ActiveCfg = Debug|Any CPU
		{A6D551F7-4895-413A-87A6-11C9251C319C}.Debug|x86.Build.0 = Debug|Any CPU
		{A6D551F7-4895-413A-87A6-11C9251C319C}.Release|Any CPU.ActiveCfg = Release|Any CPU
		{A6D551F7-4895-413A-87A6-11C9251C319C}.Release|Any CPU.Build.0 = Release|Any CPU
		{A6D551F7-4895-413A-87A6-11C9251C319C}.Release|x64.ActiveCfg = Release|Any CPU
		{A6D551F7-4895-413A-87A6-11C9251C319C}.Release|x64.Build.0 = Release|Any CPU
		{A6D551F7-4895-413A-87A6-11C9251C319C}.Release|x86.ActiveCfg = Release|Any CPU
		{A6D551F7-4895-413A-87A6-11C9251C319C}.Release|x86.Build.0 = Release|Any CPU
		{EB5DF9A4-37BF-450B-B119-1A706AE55324}.Debug|Any CPU.ActiveCfg = Debug|Any CPU
		{EB5DF9A4-37BF-450B-B119-1A706AE55324}.Debug|Any CPU.Build.0 = Debug|Any CPU
		{EB5DF9A4-37BF-450B-B119-1A706AE55324}.Debug|x64.ActiveCfg = Debug|Any CPU
		{EB5DF9A4-37BF-450B-B119-1A706AE55324}.Debug|x64.Build.0 = Debug|Any CPU
		{EB5DF9A4-37BF-450B-B119-1A706AE55324}.Debug|x86.ActiveCfg = Debug|Any CPU
		{EB5DF9A4-37BF-450B-B119-1A706AE55324}.Debug|x86.Build.0 = Debug|Any CPU
		{EB5DF9A4-37BF-450B-B119-1A706AE55324}.Release|Any CPU.ActiveCfg = Release|Any CPU
		{EB5DF9A4-37BF-450B-B119-1A706AE55324}.Release|Any CPU.Build.0 = Release|Any CPU
		{EB5DF9A4-37BF-450B-B119-1A706AE55324}.Release|x64.ActiveCfg = Release|Any CPU
		{EB5DF9A4-37BF-450B-B119-1A706AE55324}.Release|x64.Build.0 = Release|Any CPU
		{EB5DF9A4-37BF-450B-B119-1A706AE55324}.Release|x86.ActiveCfg = Release|Any CPU
		{EB5DF9A4-37BF-450B-B119-1A706AE55324}.Release|x86.Build.0 = Release|Any CPU
		{BDD53981-28F6-414E-A090-EB0620B4855F}.Debug|Any CPU.ActiveCfg = Debug|Any CPU
		{BDD53981-28F6-414E-A090-EB0620B4855F}.Debug|Any CPU.Build.0 = Debug|Any CPU
		{BDD53981-28F6-414E-A090-EB0620B4855F}.Debug|x64.ActiveCfg = Debug|Any CPU
		{BDD53981-28F6-414E-A090-EB0620B4855F}.Debug|x64.Build.0 = Debug|Any CPU
		{BDD53981-28F6-414E-A090-EB0620B4855F}.Debug|x86.ActiveCfg = Debug|Any CPU
		{BDD53981-28F6-414E-A090-EB0620B4855F}.Debug|x86.Build.0 = Debug|Any CPU
		{BDD53981-28F6-414E-A090-EB0620B4855F}.Release|Any CPU.ActiveCfg = Release|Any CPU
		{BDD53981-28F6-414E-A090-EB0620B4855F}.Release|Any CPU.Build.0 = Release|Any CPU
		{BDD53981-28F6-414E-A090-EB0620B4855F}.Release|x64.ActiveCfg = Release|Any CPU
		{BDD53981-28F6-414E-A090-EB0620B4855F}.Release|x64.Build.0 = Release|Any CPU
		{BDD53981-28F6-414E-A090-EB0620B4855F}.Release|x86.ActiveCfg = Release|Any CPU
		{BDD53981-28F6-414E-A090-EB0620B4855F}.Release|x86.Build.0 = Release|Any CPU
	EndGlobalSection
EndGlobal
